
Microsoft Visual Studio Solution File, Format Version 12.00
# Visual Studio 2013
VisualStudioVersion = 12.0.30723.0
MinimumVisualStudioVersion = 10.0.40219.1
Project("{FAE04EC0-301F-11D3-BF4B-00C04F79EFBC}") = "RoutesSystem.Model", "RoutesSystem.Model\RoutesSystem.Model.csproj", "{D3545CF6-2A08-4F1C-B2A4-E0D8C2600613}"
EndProject
Project("{FAE04EC0-301F-11D3-BF4B-00C04F79EFBC}") = "RoutesSystem.Data", "RoutesSystem.Data\RoutesSystem.Data.csproj", "{5D4D6416-D5D0-4918-9EF3-E82AE4906B63}"
EndProject
Project("{FAE04EC0-301F-11D3-BF4B-00C04F79EFBC}") = "RouteSystem.UI", "RouteSystem.UI\RouteSystem.UI.csproj", "{DF5CCEC2-8A93-4010-AB20-87CDB40EDD18}"
EndProject
Project("{FAE04EC0-301F-11D3-BF4B-00C04F79EFBC}") = "RoutesSystem.Core", "RoutesSystem.Core\RoutesSystem.Core.csproj", "{0C6B75B9-9598-4585-A8D8-3AC1BC9C9531}"
EndProject
Global
	GlobalSection(SolutionConfigurationPlatforms) = preSolution
		Debug|Any CPU = Debug|Any CPU
		Release|Any CPU = Release|Any CPU
	EndGlobalSection
	GlobalSection(ProjectConfigurationPlatforms) = postSolution
		{D3545CF6-2A08-4F1C-B2A4-E0D8C2600613}.Debug|Any CPU.ActiveCfg = Debug|Any CPU
		{D3545CF6-2A08-4F1C-B2A4-E0D8C2600613}.Debug|Any CPU.Build.0 = Debug|Any CPU
		{D3545CF6-2A08-4F1C-B2A4-E0D8C2600613}.Release|Any CPU.ActiveCfg = Release|Any CPU
		{D3545CF6-2A08-4F1C-B2A4-E0D8C2600613}.Release|Any CPU.Build.0 = Release|Any CPU
		{5D4D6416-D5D0-4918-9EF3-E82AE4906B63}.Debug|Any CPU.ActiveCfg = Debug|Any CPU
		{5D4D6416-D5D0-4918-9EF3-E82AE4906B63}.Debug|Any CPU.Build.0 = Debug|Any CPU
		{5D4D6416-D5D0-4918-9EF3-E82AE4906B63}.Release|Any CPU.ActiveCfg = Release|Any CPU
		{5D4D6416-D5D0-4918-9EF3-E82AE4906B63}.Release|Any CPU.Build.0 = Release|Any CPU
		{DF5CCEC2-8A93-4010-AB20-87CDB40EDD18}.Debug|Any CPU.ActiveCfg = Debug|Any CPU
		{DF5CCEC2-8A93-4010-AB20-87CDB40EDD18}.Debug|Any CPU.Build.0 = Debug|Any CPU
		{DF5CCEC2-8A93-4010-AB20-87CDB40EDD18}.Release|Any CPU.ActiveCfg = Release|Any CPU
		{DF5CCEC2-8A93-4010-AB20-87CDB40EDD18}.Release|Any CPU.Build.0 = Release|Any CPU
		{0C6B75B9-9598-4585-A8D8-3AC1BC9C9531}.Debug|Any CPU.ActiveCfg = Debug|Any CPU
		{0C6B75B9-9598-4585-A8D8-3AC1BC9C9531}.Debug|Any CPU.Build.0 = Debug|Any CPU
		{0C6B75B9-9598-4585-A8D8-3AC1BC9C9531}.Release|Any CPU.ActiveCfg = Release|Any CPU
		{0C6B75B9-9598-4585-A8D8-3AC1BC9C9531}.Release|Any CPU.Build.0 = Release|Any CPU
	EndGlobalSection
	GlobalSection(SolutionProperties) = preSolution
		HideSolutionNode = FALSE
	EndGlobalSection
EndGlobal
