
Microsoft Visual Studio Solution File, Format Version 12.00
# Visual Studio 2013
VisualStudioVersion = 12.0.30501.0
MinimumVisualStudioVersion = 10.0.40219.1
Project("{FAE04EC0-301F-11D3-BF4B-00C04F79EFBC}") = "RoutesSystem.Model", "RoutesSystem.Model\RoutesSystem.Model.csproj", "{D3545CF6-2A08-4F1C-B2A4-E0D8C2600613}"
EndProject
Project("{FAE04EC0-301F-11D3-BF4B-00C04F79EFBC}") = "RoutesSystem.Data", "RoutesSystem.Data\RoutesSystem.Data.csproj", "{5D4D6416-D5D0-4918-9EF3-E82AE4906B63}"
EndProject
Project("{FAE04EC0-301F-11D3-BF4B-00C04F79EFBC}") = "RouteSystem.UI", "RouteSystem.UI\RouteSystem.UI.csproj", "{DF5CCEC2-8A93-4010-AB20-87CDB40EDD18}"
EndProject
Project("{FAE04EC0-301F-11D3-BF4B-00C04F79EFBC}") = "TestingProject", "TestingProject\TestingProject.csproj", "{9FD85064-B639-44DD-90CF-A1871261A4F6}"
EndProject
Project("{FAE04EC0-301F-11D3-BF4B-00C04F79EFBC}") = "Reports", "Reports\Reports.csproj", "{E1EBA381-8EFB-4BCA-9666-3F7480A9A55D}"
EndProject
Project("{FAE04EC0-301F-11D3-BF4B-00C04F79EFBC}") = "SQLServer", "SQLServer\SQLServer.csproj", "{0137803A-1FE9-4489-825D-2F8BF82A92EA}"
EndProject
Project("{FAE04EC0-301F-11D3-BF4B-00C04F79EFBC}") = "SQLite", "SQLite\SQLite.csproj", "{36EFEA47-E5BD-49F5-94F6-63107B91F528}"
EndProject
Project("{FAE04EC0-301F-11D3-BF4B-00C04F79EFBC}") = "MySQL", "MySQL\MySQL.csproj", "{6F9C2621-695C-4BDE-881B-157DCAA75C07}"
EndProject
Project("{FAE04EC0-301F-11D3-BF4B-00C04F79EFBC}") = "Mongo", "Mongo\Mongo.csproj", "{E75B117C-1CA5-4DCA-8E63-51D228CEB550}"
EndProject
Global
	GlobalSection(SolutionConfigurationPlatforms) = preSolution
		Debug|Any CPU = Debug|Any CPU
		Release|Any CPU = Release|Any CPU
	EndGlobalSection
	GlobalSection(ProjectConfigurationPlatforms) = postSolution
		{D3545CF6-2A08-4F1C-B2A4-E0D8C2600613}.Debug|Any CPU.ActiveCfg = Debug|Any CPU
		{D3545CF6-2A08-4F1C-B2A4-E0D8C2600613}.Debug|Any CPU.Build.0 = Debug|Any CPU
		{D3545CF6-2A08-4F1C-B2A4-E0D8C2600613}.Release|Any CPU.ActiveCfg = Release|Any CPU
		{D3545CF6-2A08-4F1C-B2A4-E0D8C2600613}.Release|Any CPU.Build.0 = Release|Any CPU
		{5D4D6416-D5D0-4918-9EF3-E82AE4906B63}.Debug|Any CPU.ActiveCfg = Debug|Any CPU
		{5D4D6416-D5D0-4918-9EF3-E82AE4906B63}.Debug|Any CPU.Build.0 = Debug|Any CPU
		{5D4D6416-D5D0-4918-9EF3-E82AE4906B63}.Release|Any CPU.ActiveCfg = Release|Any CPU
		{5D4D6416-D5D0-4918-9EF3-E82AE4906B63}.Release|Any CPU.Build.0 = Release|Any CPU
		{DF5CCEC2-8A93-4010-AB20-87CDB40EDD18}.Debug|Any CPU.ActiveCfg = Debug|Any CPU
		{DF5CCEC2-8A93-4010-AB20-87CDB40EDD18}.Debug|Any CPU.Build.0 = Debug|Any CPU
		{DF5CCEC2-8A93-4010-AB20-87CDB40EDD18}.Release|Any CPU.ActiveCfg = Release|Any CPU
		{DF5CCEC2-8A93-4010-AB20-87CDB40EDD18}.Release|Any CPU.Build.0 = Release|Any CPU
		{9FD85064-B639-44DD-90CF-A1871261A4F6}.Debug|Any CPU.ActiveCfg = Debug|Any CPU
		{9FD85064-B639-44DD-90CF-A1871261A4F6}.Debug|Any CPU.Build.0 = Debug|Any CPU
		{9FD85064-B639-44DD-90CF-A1871261A4F6}.Release|Any CPU.ActiveCfg = Release|Any CPU
		{9FD85064-B639-44DD-90CF-A1871261A4F6}.Release|Any CPU.Build.0 = Release|Any CPU
		{E1EBA381-8EFB-4BCA-9666-3F7480A9A55D}.Debug|Any CPU.ActiveCfg = Debug|Any CPU
		{E1EBA381-8EFB-4BCA-9666-3F7480A9A55D}.Debug|Any CPU.Build.0 = Debug|Any CPU
		{E1EBA381-8EFB-4BCA-9666-3F7480A9A55D}.Release|Any CPU.ActiveCfg = Release|Any CPU
		{E1EBA381-8EFB-4BCA-9666-3F7480A9A55D}.Release|Any CPU.Build.0 = Release|Any CPU
		{0137803A-1FE9-4489-825D-2F8BF82A92EA}.Debug|Any CPU.ActiveCfg = Debug|Any CPU
		{0137803A-1FE9-4489-825D-2F8BF82A92EA}.Debug|Any CPU.Build.0 = Debug|Any CPU
		{0137803A-1FE9-4489-825D-2F8BF82A92EA}.Release|Any CPU.ActiveCfg = Release|Any CPU
		{0137803A-1FE9-4489-825D-2F8BF82A92EA}.Release|Any CPU.Build.0 = Release|Any CPU
		{36EFEA47-E5BD-49F5-94F6-63107B91F528}.Debug|Any CPU.ActiveCfg = Debug|Any CPU
		{36EFEA47-E5BD-49F5-94F6-63107B91F528}.Debug|Any CPU.Build.0 = Debug|Any CPU
		{36EFEA47-E5BD-49F5-94F6-63107B91F528}.Release|Any CPU.ActiveCfg = Release|Any CPU
		{36EFEA47-E5BD-49F5-94F6-63107B91F528}.Release|Any CPU.Build.0 = Release|Any CPU
		{6F9C2621-695C-4BDE-881B-157DCAA75C07}.Debug|Any CPU.ActiveCfg = Debug|Any CPU
		{6F9C2621-695C-4BDE-881B-157DCAA75C07}.Debug|Any CPU.Build.0 = Debug|Any CPU
		{6F9C2621-695C-4BDE-881B-157DCAA75C07}.Release|Any CPU.ActiveCfg = Release|Any CPU
		{6F9C2621-695C-4BDE-881B-157DCAA75C07}.Release|Any CPU.Build.0 = Release|Any CPU
		{E75B117C-1CA5-4DCA-8E63-51D228CEB550}.Debug|Any CPU.ActiveCfg = Debug|Any CPU
		{E75B117C-1CA5-4DCA-8E63-51D228CEB550}.Debug|Any CPU.Build.0 = Debug|Any CPU
		{E75B117C-1CA5-4DCA-8E63-51D228CEB550}.Release|Any CPU.ActiveCfg = Release|Any CPU
		{E75B117C-1CA5-4DCA-8E63-51D228CEB550}.Release|Any CPU.Build.0 = Release|Any CPU
	EndGlobalSection
	GlobalSection(SolutionProperties) = preSolution
		HideSolutionNode = FALSE
	EndGlobalSection
	GlobalSection(ExtensibilityGlobals) = postSolution
		EnterpriseLibraryConfigurationToolBinariesPathV6 = packages\EnterpriseLibrary.Common.6.0.1304.0\lib\NET45;packages\EnterpriseLibrary.Data.6.0.1304.0\lib\NET45
	EndGlobalSection
EndGlobal
